
Microsoft Visual Studio Solution File, Format Version 12.00
# Visual Studio Version 16
VisualStudioVersion = 16.0.31205.134
MinimumVisualStudioVersion = 10.0.40219.1
Project("{D2ABAB84-BF74-430A-B69E-9DC6D40DDA17}") = "MultidimensionalProject1", "MultidimensionalProject1\MultidimensionalProject1.dwproj", "{A9975CAB-CDB3-44AA-A5B0-ABE451A2D3BF}"
EndProject
Global
	GlobalSection(SolutionConfigurationPlatforms) = preSolution
		Development|Default = Development|Default
	EndGlobalSection
	GlobalSection(ProjectConfigurationPlatforms) = postSolution
		{A9975CAB-CDB3-44AA-A5B0-ABE451A2D3BF}.Development|Default.ActiveCfg = Development
		{A9975CAB-CDB3-44AA-A5B0-ABE451A2D3BF}.Development|Default.Build.0 = Development
		{A9975CAB-CDB3-44AA-A5B0-ABE451A2D3BF}.Development|Default.Deploy.0 = Development
	EndGlobalSection
	GlobalSection(SolutionProperties) = preSolution
		HideSolutionNode = FALSE
	EndGlobalSection
	GlobalSection(ExtensibilityGlobals) = postSolution
		SolutionGuid = {59C5D882-282C-401F-8B30-E5302DE8CA85}
	EndGlobalSection
EndGlobal
